// !$*UTF8*$!
{
	archiveVersion = 1;
	classes = {
	};
	objectVersion = 50;
	objects = {

/* Begin PBXBuildFile section */
		17F82A1C9B35AA197B626572 /* Pods_TableDatabaseTests.framework in Frameworks */ = {isa = PBXBuildFile; fileRef = E34094D201FE0F9A7ECE88FC /* Pods_TableDatabaseTests.framework */; };
		7E0B62850515BBA70C5B18C0 /* Pods_TableDatabaseUITests.framework in Frameworks */ = {isa = PBXBuildFile; fileRef = 40453E6028A731F15CA93872 /* Pods_TableDatabaseUITests.framework */; };
		A9279FC420B905C8000FEC96 /* TableViewCell.swift in Sources */ = {isa = PBXBuildFile; fileRef = A9279FC320B905C7000FEC96 /* TableViewCell.swift */; };
		A9279FC620B90643000FEC96 /* Videos.swift in Sources */ = {isa = PBXBuildFile; fileRef = A9279FC520B90643000FEC96 /* Videos.swift */; };
		A99F637A20B8709C00C0635B /* AppDelegate.swift in Sources */ = {isa = PBXBuildFile; fileRef = A99F637920B8709C00C0635B /* AppDelegate.swift */; };
		A99F637C20B8709C00C0635B /* ViewController.swift in Sources */ = {isa = PBXBuildFile; fileRef = A99F637B20B8709C00C0635B /* ViewController.swift */; };
		A99F637F20B8709C00C0635B /* Main.storyboard in Resources */ = {isa = PBXBuildFile; fileRef = A99F637D20B8709C00C0635B /* Main.storyboard */; };
		A99F638120B8709D00C0635B /* Assets.xcassets in Resources */ = {isa = PBXBuildFile; fileRef = A99F638020B8709D00C0635B /* Assets.xcassets */; };
		A99F638420B8709D00C0635B /* LaunchScreen.storyboard in Resources */ = {isa = PBXBuildFile; fileRef = A99F638220B8709D00C0635B /* LaunchScreen.storyboard */; };
		A99F638F20B8709D00C0635B /* TableDatabaseTests.swift in Sources */ = {isa = PBXBuildFile; fileRef = A99F638E20B8709D00C0635B /* TableDatabaseTests.swift */; };
		A99F639A20B8709D00C0635B /* TableDatabaseUITests.swift in Sources */ = {isa = PBXBuildFile; fileRef = A99F639920B8709D00C0635B /* TableDatabaseUITests.swift */; };
		A99F63A820B870BA00C0635B /* GoogleService-Info.plist in Resources */ = {isa = PBXBuildFile; fileRef = A99F63A720B870BA00C0635B /* GoogleService-Info.plist */; };
		C72CB8FC20C69D39002720AE /* SBDAnalyzer.swift in Sources */ = {isa = PBXBuildFile; fileRef = C72CB8FB20C69D39002720AE /* SBDAnalyzer.swift */; };
		FDDB86532A060E23C1AD1D9F /* Pods_TableDatabase.framework in Frameworks */ = {isa = PBXBuildFile; fileRef = 08A9CF3679353C700699E659 /* Pods_TableDatabase.framework */; };
/* End PBXBuildFile section */

/* Begin PBXContainerItemProxy section */
		A99F638B20B8709D00C0635B /* PBXContainerItemProxy */ = {
			isa = PBXContainerItemProxy;
			containerPortal = A99F636E20B8709C00C0635B /* Project object */;
			proxyType = 1;
			remoteGlobalIDString = A99F637520B8709C00C0635B;
			remoteInfo = TableDatabase;
		};
		A99F639620B8709D00C0635B /* PBXContainerItemProxy */ = {
			isa = PBXContainerItemProxy;
			containerPortal = A99F636E20B8709C00C0635B /* Project object */;
			proxyType = 1;
			remoteGlobalIDString = A99F637520B8709C00C0635B;
			remoteInfo = TableDatabase;
		};
/* End PBXContainerItemProxy section */

/* Begin PBXFileReference section */
		08A9CF3679353C700699E659 /* Pods_TableDatabase.framework */ = {isa = PBXFileReference; explicitFileType = wrapper.framework; includeInIndex = 0; path = Pods_TableDatabase.framework; sourceTree = BUILT_PRODUCTS_DIR; };
		40453E6028A731F15CA93872 /* Pods_TableDatabaseUITests.framework */ = {isa = PBXFileReference; explicitFileType = wrapper.framework; includeInIndex = 0; path = Pods_TableDatabaseUITests.framework; sourceTree = BUILT_PRODUCTS_DIR; };
		73B7AF8F2CBFF7E8BE00A16D /* Pods-TableDatabase.debug.xcconfig */ = {isa = PBXFileReference; includeInIndex = 1; lastKnownFileType = text.xcconfig; name = "Pods-TableDatabase.debug.xcconfig"; path = "Pods/Target Support Files/Pods-TableDatabase/Pods-TableDatabase.debug.xcconfig"; sourceTree = "<group>"; };
		8502A1FB8ECE93AB5B4E97FE /* Pods-TableDatabase.release.xcconfig */ = {isa = PBXFileReference; includeInIndex = 1; lastKnownFileType = text.xcconfig; name = "Pods-TableDatabase.release.xcconfig"; path = "Pods/Target Support Files/Pods-TableDatabase/Pods-TableDatabase.release.xcconfig"; sourceTree = "<group>"; };
		8C5FF3F14A8F5F7389EF2148 /* Pods-TableDatabaseUITests.debug.xcconfig */ = {isa = PBXFileReference; includeInIndex = 1; lastKnownFileType = text.xcconfig; name = "Pods-TableDatabaseUITests.debug.xcconfig"; path = "Pods/Target Support Files/Pods-TableDatabaseUITests/Pods-TableDatabaseUITests.debug.xcconfig"; sourceTree = "<group>"; };
		A0B3B21FDB25886A78688E10 /* Pods-TableDatabaseTests.debug.xcconfig */ = {isa = PBXFileReference; includeInIndex = 1; lastKnownFileType = text.xcconfig; name = "Pods-TableDatabaseTests.debug.xcconfig"; path = "Pods/Target Support Files/Pods-TableDatabaseTests/Pods-TableDatabaseTests.debug.xcconfig"; sourceTree = "<group>"; };
		A9279FC320B905C7000FEC96 /* TableViewCell.swift */ = {isa = PBXFileReference; lastKnownFileType = sourcecode.swift; path = TableViewCell.swift; sourceTree = "<group>"; };
		A9279FC520B90643000FEC96 /* Videos.swift */ = {isa = PBXFileReference; lastKnownFileType = sourcecode.swift; path = Videos.swift; sourceTree = "<group>"; };
		A99F637620B8709C00C0635B /* TableDatabase.app */ = {isa = PBXFileReference; explicitFileType = wrapper.application; includeInIndex = 0; path = TableDatabase.app; sourceTree = BUILT_PRODUCTS_DIR; };
		A99F637920B8709C00C0635B /* AppDelegate.swift */ = {isa = PBXFileReference; lastKnownFileType = sourcecode.swift; path = AppDelegate.swift; sourceTree = "<group>"; };
		A99F637B20B8709C00C0635B /* ViewController.swift */ = {isa = PBXFileReference; lastKnownFileType = sourcecode.swift; path = ViewController.swift; sourceTree = "<group>"; };
		A99F637E20B8709C00C0635B /* Base */ = {isa = PBXFileReference; lastKnownFileType = file.storyboard; name = Base; path = Base.lproj/Main.storyboard; sourceTree = "<group>"; };
		A99F638020B8709D00C0635B /* Assets.xcassets */ = {isa = PBXFileReference; lastKnownFileType = folder.assetcatalog; path = Assets.xcassets; sourceTree = "<group>"; };
		A99F638320B8709D00C0635B /* Base */ = {isa = PBXFileReference; lastKnownFileType = file.storyboard; name = Base; path = Base.lproj/LaunchScreen.storyboard; sourceTree = "<group>"; };
		A99F638520B8709D00C0635B /* Info.plist */ = {isa = PBXFileReference; lastKnownFileType = text.plist.xml; path = Info.plist; sourceTree = "<group>"; };
		A99F638A20B8709D00C0635B /* TableDatabaseTests.xctest */ = {isa = PBXFileReference; explicitFileType = wrapper.cfbundle; includeInIndex = 0; path = TableDatabaseTests.xctest; sourceTree = BUILT_PRODUCTS_DIR; };
		A99F638E20B8709D00C0635B /* TableDatabaseTests.swift */ = {isa = PBXFileReference; lastKnownFileType = sourcecode.swift; path = TableDatabaseTests.swift; sourceTree = "<group>"; };
		A99F639020B8709D00C0635B /* Info.plist */ = {isa = PBXFileReference; lastKnownFileType = text.plist.xml; path = Info.plist; sourceTree = "<group>"; };
		A99F639520B8709D00C0635B /* TableDatabaseUITests.xctest */ = {isa = PBXFileReference; explicitFileType = wrapper.cfbundle; includeInIndex = 0; path = TableDatabaseUITests.xctest; sourceTree = BUILT_PRODUCTS_DIR; };
		A99F639920B8709D00C0635B /* TableDatabaseUITests.swift */ = {isa = PBXFileReference; lastKnownFileType = sourcecode.swift; path = TableDatabaseUITests.swift; sourceTree = "<group>"; };
		A99F639B20B8709D00C0635B /* Info.plist */ = {isa = PBXFileReference; lastKnownFileType = text.plist.xml; path = Info.plist; sourceTree = "<group>"; };
		A99F63A720B870BA00C0635B /* GoogleService-Info.plist */ = {isa = PBXFileReference; fileEncoding = 4; lastKnownFileType = text.plist.xml; path = "GoogleService-Info.plist"; sourceTree = "<group>"; };
		C72CB8FB20C69D39002720AE /* SBDAnalyzer.swift */ = {isa = PBXFileReference; lastKnownFileType = sourcecode.swift; path = SBDAnalyzer.swift; sourceTree = "<group>"; };
		E313F44164C7432AA4979C5C /* Pods-TableDatabaseUITests.release.xcconfig */ = {isa = PBXFileReference; includeInIndex = 1; lastKnownFileType = text.xcconfig; name = "Pods-TableDatabaseUITests.release.xcconfig"; path = "Pods/Target Support Files/Pods-TableDatabaseUITests/Pods-TableDatabaseUITests.release.xcconfig"; sourceTree = "<group>"; };
		E34094D201FE0F9A7ECE88FC /* Pods_TableDatabaseTests.framework */ = {isa = PBXFileReference; explicitFileType = wrapper.framework; includeInIndex = 0; path = Pods_TableDatabaseTests.framework; sourceTree = BUILT_PRODUCTS_DIR; };
		F91B2145A7D9F5D4070BA84C /* Pods-TableDatabaseTests.release.xcconfig */ = {isa = PBXFileReference; includeInIndex = 1; lastKnownFileType = text.xcconfig; name = "Pods-TableDatabaseTests.release.xcconfig"; path = "Pods/Target Support Files/Pods-TableDatabaseTests/Pods-TableDatabaseTests.release.xcconfig"; sourceTree = "<group>"; };
/* End PBXFileReference section */

/* Begin PBXFrameworksBuildPhase section */
		A99F637320B8709C00C0635B /* Frameworks */ = {
			isa = PBXFrameworksBuildPhase;
			buildActionMask = 2147483647;
			files = (
				FDDB86532A060E23C1AD1D9F /* Pods_TableDatabase.framework in Frameworks */,
			);
			runOnlyForDeploymentPostprocessing = 0;
		};
		A99F638720B8709D00C0635B /* Frameworks */ = {
			isa = PBXFrameworksBuildPhase;
			buildActionMask = 2147483647;
			files = (
				17F82A1C9B35AA197B626572 /* Pods_TableDatabaseTests.framework in Frameworks */,
			);
			runOnlyForDeploymentPostprocessing = 0;
		};
		A99F639220B8709D00C0635B /* Frameworks */ = {
			isa = PBXFrameworksBuildPhase;
			buildActionMask = 2147483647;
			files = (
				7E0B62850515BBA70C5B18C0 /* Pods_TableDatabaseUITests.framework in Frameworks */,
			);
			runOnlyForDeploymentPostprocessing = 0;
		};
/* End PBXFrameworksBuildPhase section */

/* Begin PBXGroup section */
		A654344D3419A4E0FBFA154B /* Frameworks */ = {
			isa = PBXGroup;
			children = (
				08A9CF3679353C700699E659 /* Pods_TableDatabase.framework */,
				E34094D201FE0F9A7ECE88FC /* Pods_TableDatabaseTests.framework */,
				40453E6028A731F15CA93872 /* Pods_TableDatabaseUITests.framework */,
			);
			name = Frameworks;
			sourceTree = "<group>";
		};
		A99F636D20B8709C00C0635B = {
			isa = PBXGroup;
			children = (
				A99F637820B8709C00C0635B /* TableDatabase */,
				A99F638D20B8709D00C0635B /* TableDatabaseTests */,
				A99F639820B8709D00C0635B /* TableDatabaseUITests */,
				A99F637720B8709C00C0635B /* Products */,
				EA2E1A7D4A8382E4468DD9D4 /* Pods */,
				A654344D3419A4E0FBFA154B /* Frameworks */,
			);
			sourceTree = "<group>";
		};
		A99F637720B8709C00C0635B /* Products */ = {
			isa = PBXGroup;
			children = (
				A99F637620B8709C00C0635B /* TableDatabase.app */,
				A99F638A20B8709D00C0635B /* TableDatabaseTests.xctest */,
				A99F639520B8709D00C0635B /* TableDatabaseUITests.xctest */,
			);
			name = Products;
			sourceTree = "<group>";
		};
		A99F637820B8709C00C0635B /* TableDatabase */ = {
			isa = PBXGroup;
			children = (
				A99F637920B8709C00C0635B /* AppDelegate.swift */,
				A99F637B20B8709C00C0635B /* ViewController.swift */,
				A9279FC320B905C7000FEC96 /* TableViewCell.swift */,
				A9279FC520B90643000FEC96 /* Videos.swift */,
				A99F637D20B8709C00C0635B /* Main.storyboard */,
				A99F638020B8709D00C0635B /* Assets.xcassets */,
				A99F638220B8709D00C0635B /* LaunchScreen.storyboard */,
				A99F638520B8709D00C0635B /* Info.plist */,
				A99F63A720B870BA00C0635B /* GoogleService-Info.plist */,
				C72CB8FB20C69D39002720AE /* SBDAnalyzer.swift */,
			);
			path = TableDatabase;
			sourceTree = "<group>";
		};
		A99F638D20B8709D00C0635B /* TableDatabaseTests */ = {
			isa = PBXGroup;
			children = (
				A99F638E20B8709D00C0635B /* TableDatabaseTests.swift */,
				A99F639020B8709D00C0635B /* Info.plist */,
			);
			path = TableDatabaseTests;
			sourceTree = "<group>";
		};
		A99F639820B8709D00C0635B /* TableDatabaseUITests */ = {
			isa = PBXGroup;
			children = (
				A99F639920B8709D00C0635B /* TableDatabaseUITests.swift */,
				A99F639B20B8709D00C0635B /* Info.plist */,
			);
			path = TableDatabaseUITests;
			sourceTree = "<group>";
		};
		EA2E1A7D4A8382E4468DD9D4 /* Pods */ = {
			isa = PBXGroup;
			children = (
				73B7AF8F2CBFF7E8BE00A16D /* Pods-TableDatabase.debug.xcconfig */,
				8502A1FB8ECE93AB5B4E97FE /* Pods-TableDatabase.release.xcconfig */,
				A0B3B21FDB25886A78688E10 /* Pods-TableDatabaseTests.debug.xcconfig */,
				F91B2145A7D9F5D4070BA84C /* Pods-TableDatabaseTests.release.xcconfig */,
				8C5FF3F14A8F5F7389EF2148 /* Pods-TableDatabaseUITests.debug.xcconfig */,
				E313F44164C7432AA4979C5C /* Pods-TableDatabaseUITests.release.xcconfig */,
			);
			name = Pods;
			sourceTree = "<group>";
		};
/* End PBXGroup section */

/* Begin PBXNativeTarget section */
		A99F637520B8709C00C0635B /* TableDatabase */ = {
			isa = PBXNativeTarget;
			buildConfigurationList = A99F639E20B8709D00C0635B /* Build configuration list for PBXNativeTarget "TableDatabase" */;
			buildPhases = (
				092E560A9D6DCE850481820F /* [CP] Check Pods Manifest.lock */,
				A99F637220B8709C00C0635B /* Sources */,
				A99F637320B8709C00C0635B /* Frameworks */,
				A99F637420B8709C00C0635B /* Resources */,
				A61BFD96943A296F9FBF2BB2 /* [CP] Embed Pods Frameworks */,
			);
			buildRules = (
			);
			dependencies = (
			);
			name = TableDatabase;
			productName = TableDatabase;
			productReference = A99F637620B8709C00C0635B /* TableDatabase.app */;
			productType = "com.apple.product-type.application";
		};
		A99F638920B8709D00C0635B /* TableDatabaseTests */ = {
			isa = PBXNativeTarget;
			buildConfigurationList = A99F63A120B8709D00C0635B /* Build configuration list for PBXNativeTarget "TableDatabaseTests" */;
			buildPhases = (
				503B9E335634F0025894C199 /* [CP] Check Pods Manifest.lock */,
				A99F638620B8709D00C0635B /* Sources */,
				A99F638720B8709D00C0635B /* Frameworks */,
				A99F638820B8709D00C0635B /* Resources */,
			);
			buildRules = (
			);
			dependencies = (
				A99F638C20B8709D00C0635B /* PBXTargetDependency */,
			);
			name = TableDatabaseTests;
			productName = TableDatabaseTests;
			productReference = A99F638A20B8709D00C0635B /* TableDatabaseTests.xctest */;
			productType = "com.apple.product-type.bundle.unit-test";
		};
		A99F639420B8709D00C0635B /* TableDatabaseUITests */ = {
			isa = PBXNativeTarget;
			buildConfigurationList = A99F63A420B8709D00C0635B /* Build configuration list for PBXNativeTarget "TableDatabaseUITests" */;
			buildPhases = (
				1D180FA6CBC83B1BB2CE4C9B /* [CP] Check Pods Manifest.lock */,
				A99F639120B8709D00C0635B /* Sources */,
				A99F639220B8709D00C0635B /* Frameworks */,
				A99F639320B8709D00C0635B /* Resources */,
			);
			buildRules = (
			);
			dependencies = (
				A99F639720B8709D00C0635B /* PBXTargetDependency */,
			);
			name = TableDatabaseUITests;
			productName = TableDatabaseUITests;
			productReference = A99F639520B8709D00C0635B /* TableDatabaseUITests.xctest */;
			productType = "com.apple.product-type.bundle.ui-testing";
		};
/* End PBXNativeTarget section */

/* Begin PBXProject section */
		A99F636E20B8709C00C0635B /* Project object */ = {
			isa = PBXProject;
			attributes = {
				LastSwiftUpdateCheck = 0930;
				LastUpgradeCheck = 0930;
				ORGANIZATIONNAME = "david lopez";
				TargetAttributes = {
					A99F637520B8709C00C0635B = {
						CreatedOnToolsVersion = 9.3;
					};
					A99F638920B8709D00C0635B = {
						CreatedOnToolsVersion = 9.3;
						TestTargetID = A99F637520B8709C00C0635B;
					};
					A99F639420B8709D00C0635B = {
						CreatedOnToolsVersion = 9.3;
						TestTargetID = A99F637520B8709C00C0635B;
					};
				};
			};
			buildConfigurationList = A99F637120B8709C00C0635B /* Build configuration list for PBXProject "TableDatabase" */;
			compatibilityVersion = "Xcode 9.3";
			developmentRegion = en;
			hasScannedForEncodings = 0;
			knownRegions = (
				en,
				Base,
			);
			mainGroup = A99F636D20B8709C00C0635B;
			productRefGroup = A99F637720B8709C00C0635B /* Products */;
			projectDirPath = "";
			projectRoot = "";
			targets = (
				A99F637520B8709C00C0635B /* TableDatabase */,
				A99F638920B8709D00C0635B /* TableDatabaseTests */,
				A99F639420B8709D00C0635B /* TableDatabaseUITests */,
			);
		};
/* End PBXProject section */

/* Begin PBXResourcesBuildPhase section */
		A99F637420B8709C00C0635B /* Resources */ = {
			isa = PBXResourcesBuildPhase;
			buildActionMask = 2147483647;
			files = (
				A99F638420B8709D00C0635B /* LaunchScreen.storyboard in Resources */,
				A99F63A820B870BA00C0635B /* GoogleService-Info.plist in Resources */,
				A99F638120B8709D00C0635B /* Assets.xcassets in Resources */,
				A99F637F20B8709C00C0635B /* Main.storyboard in Resources */,
			);
			runOnlyForDeploymentPostprocessing = 0;
		};
		A99F638820B8709D00C0635B /* Resources */ = {
			isa = PBXResourcesBuildPhase;
			buildActionMask = 2147483647;
			files = (
			);
			runOnlyForDeploymentPostprocessing = 0;
		};
		A99F639320B8709D00C0635B /* Resources */ = {
			isa = PBXResourcesBuildPhase;
			buildActionMask = 2147483647;
			files = (
			);
			runOnlyForDeploymentPostprocessing = 0;
		};
/* End PBXResourcesBuildPhase section */

/* Begin PBXShellScriptBuildPhase section */
		092E560A9D6DCE850481820F /* [CP] Check Pods Manifest.lock */ = {
			isa = PBXShellScriptBuildPhase;
			buildActionMask = 2147483647;
			files = (
			);
			inputPaths = (
				"${PODS_PODFILE_DIR_PATH}/Podfile.lock",
				"${PODS_ROOT}/Manifest.lock",
			);
			name = "[CP] Check Pods Manifest.lock";
			outputPaths = (
				"$(DERIVED_FILE_DIR)/Pods-TableDatabase-checkManifestLockResult.txt",
			);
			runOnlyForDeploymentPostprocessing = 0;
			shellPath = /bin/sh;
			shellScript = "diff \"${PODS_PODFILE_DIR_PATH}/Podfile.lock\" \"${PODS_ROOT}/Manifest.lock\" > /dev/null\nif [ $? != 0 ] ; then\n    # print error to STDERR\n    echo \"error: The sandbox is not in sync with the Podfile.lock. Run 'pod install' or update your CocoaPods installation.\" >&2\n    exit 1\nfi\n# This output is used by Xcode 'outputs' to avoid re-running this script phase.\necho \"SUCCESS\" > \"${SCRIPT_OUTPUT_FILE_0}\"\n";
			showEnvVarsInLog = 0;
		};
		1D180FA6CBC83B1BB2CE4C9B /* [CP] Check Pods Manifest.lock */ = {
			isa = PBXShellScriptBuildPhase;
			buildActionMask = 2147483647;
			files = (
			);
			inputPaths = (
				"${PODS_PODFILE_DIR_PATH}/Podfile.lock",
				"${PODS_ROOT}/Manifest.lock",
			);
			name = "[CP] Check Pods Manifest.lock";
			outputPaths = (
				"$(DERIVED_FILE_DIR)/Pods-TableDatabaseUITests-checkManifestLockResult.txt",
			);
			runOnlyForDeploymentPostprocessing = 0;
			shellPath = /bin/sh;
			shellScript = "diff \"${PODS_PODFILE_DIR_PATH}/Podfile.lock\" \"${PODS_ROOT}/Manifest.lock\" > /dev/null\nif [ $? != 0 ] ; then\n    # print error to STDERR\n    echo \"error: The sandbox is not in sync with the Podfile.lock. Run 'pod install' or update your CocoaPods installation.\" >&2\n    exit 1\nfi\n# This output is used by Xcode 'outputs' to avoid re-running this script phase.\necho \"SUCCESS\" > \"${SCRIPT_OUTPUT_FILE_0}\"\n";
			showEnvVarsInLog = 0;
		};
		503B9E335634F0025894C199 /* [CP] Check Pods Manifest.lock */ = {
			isa = PBXShellScriptBuildPhase;
			buildActionMask = 2147483647;
			files = (
			);
			inputPaths = (
				"${PODS_PODFILE_DIR_PATH}/Podfile.lock",
				"${PODS_ROOT}/Manifest.lock",
			);
			name = "[CP] Check Pods Manifest.lock";
			outputPaths = (
				"$(DERIVED_FILE_DIR)/Pods-TableDatabaseTests-checkManifestLockResult.txt",
			);
			runOnlyForDeploymentPostprocessing = 0;
			shellPath = /bin/sh;
			shellScript = "diff \"${PODS_PODFILE_DIR_PATH}/Podfile.lock\" \"${PODS_ROOT}/Manifest.lock\" > /dev/null\nif [ $? != 0 ] ; then\n    # print error to STDERR\n    echo \"error: The sandbox is not in sync with the Podfile.lock. Run 'pod install' or update your CocoaPods installation.\" >&2\n    exit 1\nfi\n# This output is used by Xcode 'outputs' to avoid re-running this script phase.\necho \"SUCCESS\" > \"${SCRIPT_OUTPUT_FILE_0}\"\n";
			showEnvVarsInLog = 0;
		};
		A61BFD96943A296F9FBF2BB2 /* [CP] Embed Pods Frameworks */ = {
			isa = PBXShellScriptBuildPhase;
			buildActionMask = 2147483647;
			files = (
			);
			inputPaths = (
				"${SRCROOT}/Pods/Target Support Files/Pods-TableDatabase/Pods-TableDatabase-frameworks.sh",
				"${BUILT_PRODUCTS_DIR}/GoogleToolboxForMac/GoogleToolboxForMac.framework",
				"${BUILT_PRODUCTS_DIR}/leveldb-library/leveldb.framework",
				"${BUILT_PRODUCTS_DIR}/nanopb/nanopb.framework",
			);
			name = "[CP] Embed Pods Frameworks";
			outputPaths = (
				"${TARGET_BUILD_DIR}/${FRAMEWORKS_FOLDER_PATH}/GoogleToolboxForMac.framework",
				"${TARGET_BUILD_DIR}/${FRAMEWORKS_FOLDER_PATH}/leveldb.framework",
				"${TARGET_BUILD_DIR}/${FRAMEWORKS_FOLDER_PATH}/nanopb.framework",
			);
			runOnlyForDeploymentPostprocessing = 0;
			shellPath = /bin/sh;
			shellScript = "\"${SRCROOT}/Pods/Target Support Files/Pods-TableDatabase/Pods-TableDatabase-frameworks.sh\"\n";
			showEnvVarsInLog = 0;
		};
/* End PBXShellScriptBuildPhase section */

/* Begin PBXSourcesBuildPhase section */
		A99F637220B8709C00C0635B /* Sources */ = {
			isa = PBXSourcesBuildPhase;
			buildActionMask = 2147483647;
			files = (
				C72CB8FC20C69D39002720AE /* SBDAnalyzer.swift in Sources */,
				A9279FC420B905C8000FEC96 /* TableViewCell.swift in Sources */,
				A9279FC620B90643000FEC96 /* Videos.swift in Sources */,
				A99F637C20B8709C00C0635B /* ViewController.swift in Sources */,
				A99F637A20B8709C00C0635B /* AppDelegate.swift in Sources */,
			);
			runOnlyForDeploymentPostprocessing = 0;
		};
		A99F638620B8709D00C0635B /* Sources */ = {
			isa = PBXSourcesBuildPhase;
			buildActionMask = 2147483647;
			files = (
				A99F638F20B8709D00C0635B /* TableDatabaseTests.swift in Sources */,
			);
			runOnlyForDeploymentPostprocessing = 0;
		};
		A99F639120B8709D00C0635B /* Sources */ = {
			isa = PBXSourcesBuildPhase;
			buildActionMask = 2147483647;
			files = (
				A99F639A20B8709D00C0635B /* TableDatabaseUITests.swift in Sources */,
			);
			runOnlyForDeploymentPostprocessing = 0;
		};
/* End PBXSourcesBuildPhase section */

/* Begin PBXTargetDependency section */
		A99F638C20B8709D00C0635B /* PBXTargetDependency */ = {
			isa = PBXTargetDependency;
			target = A99F637520B8709C00C0635B /* TableDatabase */;
			targetProxy = A99F638B20B8709D00C0635B /* PBXContainerItemProxy */;
		};
		A99F639720B8709D00C0635B /* PBXTargetDependency */ = {
			isa = PBXTargetDependency;
			target = A99F637520B8709C00C0635B /* TableDatabase */;
			targetProxy = A99F639620B8709D00C0635B /* PBXContainerItemProxy */;
		};
/* End PBXTargetDependency section */

/* Begin PBXVariantGroup section */
		A99F637D20B8709C00C0635B /* Main.storyboard */ = {
			isa = PBXVariantGroup;
			children = (
				A99F637E20B8709C00C0635B /* Base */,
			);
			name = Main.storyboard;
			sourceTree = "<group>";
		};
		A99F638220B8709D00C0635B /* LaunchScreen.storyboard */ = {
			isa = PBXVariantGroup;
			children = (
				A99F638320B8709D00C0635B /* Base */,
			);
			name = LaunchScreen.storyboard;
			sourceTree = "<group>";
		};
/* End PBXVariantGroup section */

/* Begin XCBuildConfiguration section */
		A99F639C20B8709D00C0635B /* Debug */ = {
			isa = XCBuildConfiguration;
			buildSettings = {
				ALWAYS_SEARCH_USER_PATHS = NO;
				CLANG_ANALYZER_NONNULL = YES;
				CLANG_ANALYZER_NUMBER_OBJECT_CONVERSION = YES_AGGRESSIVE;
				CLANG_CXX_LANGUAGE_STANDARD = "gnu++14";
				CLANG_CXX_LIBRARY = "libc++";
				CLANG_ENABLE_MODULES = YES;
				CLANG_ENABLE_OBJC_ARC = YES;
				CLANG_ENABLE_OBJC_WEAK = YES;
				CLANG_WARN_BLOCK_CAPTURE_AUTORELEASING = YES;
				CLANG_WARN_BOOL_CONVERSION = YES;
				CLANG_WARN_COMMA = YES;
				CLANG_WARN_CONSTANT_CONVERSION = YES;
				CLANG_WARN_DEPRECATED_OBJC_IMPLEMENTATIONS = YES;
				CLANG_WARN_DIRECT_OBJC_ISA_USAGE = YES_ERROR;
				CLANG_WARN_DOCUMENTATION_COMMENTS = YES;
				CLANG_WARN_EMPTY_BODY = YES;
				CLANG_WARN_ENUM_CONVERSION = YES;
				CLANG_WARN_INFINITE_RECURSION = YES;
				CLANG_WARN_INT_CONVERSION = YES;
				CLANG_WARN_NON_LITERAL_NULL_CONVERSION = YES;
				CLANG_WARN_OBJC_IMPLICIT_RETAIN_SELF = YES;
				CLANG_WARN_OBJC_LITERAL_CONVERSION = YES;
				CLANG_WARN_OBJC_ROOT_CLASS = YES_ERROR;
				CLANG_WARN_RANGE_LOOP_ANALYSIS = YES;
				CLANG_WARN_STRICT_PROTOTYPES = YES;
				CLANG_WARN_SUSPICIOUS_MOVE = YES;
				CLANG_WARN_UNGUARDED_AVAILABILITY = YES_AGGRESSIVE;
				CLANG_WARN_UNREACHABLE_CODE = YES;
				CLANG_WARN__DUPLICATE_METHOD_MATCH = YES;
				CODE_SIGN_IDENTITY = "iPhone Developer";
				COPY_PHASE_STRIP = NO;
				DEBUG_INFORMATION_FORMAT = dwarf;
				ENABLE_STRICT_OBJC_MSGSEND = YES;
				ENABLE_TESTABILITY = YES;
				GCC_C_LANGUAGE_STANDARD = gnu11;
				GCC_DYNAMIC_NO_PIC = NO;
				GCC_NO_COMMON_BLOCKS = YES;
				GCC_OPTIMIZATION_LEVEL = 0;
				GCC_PREPROCESSOR_DEFINITIONS = (
					"DEBUG=1",
					"$(inherited)",
				);
				GCC_WARN_64_TO_32_BIT_CONVERSION = YES;
				GCC_WARN_ABOUT_RETURN_TYPE = YES_ERROR;
				GCC_WARN_UNDECLARED_SELECTOR = YES;
				GCC_WARN_UNINITIALIZED_AUTOS = YES_AGGRESSIVE;
				GCC_WARN_UNUSED_FUNCTION = YES;
				GCC_WARN_UNUSED_VARIABLE = YES;
				IPHONEOS_DEPLOYMENT_TARGET = 11.3;
				MTL_ENABLE_DEBUG_INFO = YES;
				ONLY_ACTIVE_ARCH = YES;
				SDKROOT = iphoneos;
				SWIFT_ACTIVE_COMPILATION_CONDITIONS = DEBUG;
				SWIFT_OPTIMIZATION_LEVEL = "-Onone";
			};
			name = Debug;
		};
		A99F639D20B8709D00C0635B /* Release */ = {
			isa = XCBuildConfiguration;
			buildSettings = {
				ALWAYS_SEARCH_USER_PATHS = NO;
				CLANG_ANALYZER_NONNULL = YES;
				CLANG_ANALYZER_NUMBER_OBJECT_CONVERSION = YES_AGGRESSIVE;
				CLANG_CXX_LANGUAGE_STANDARD = "gnu++14";
				CLANG_CXX_LIBRARY = "libc++";
				CLANG_ENABLE_MODULES = YES;
				CLANG_ENABLE_OBJC_ARC = YES;
				CLANG_ENABLE_OBJC_WEAK = YES;
				CLANG_WARN_BLOCK_CAPTURE_AUTORELEASING = YES;
				CLANG_WARN_BOOL_CONVERSION = YES;
				CLANG_WARN_COMMA = YES;
				CLANG_WARN_CONSTANT_CONVERSION = YES;
				CLANG_WARN_DEPRECATED_OBJC_IMPLEMENTATIONS = YES;
				CLANG_WARN_DIRECT_OBJC_ISA_USAGE = YES_ERROR;
				CLANG_WARN_DOCUMENTATION_COMMENTS = YES;
				CLANG_WARN_EMPTY_BODY = YES;
				CLANG_WARN_ENUM_CONVERSION = YES;
				CLANG_WARN_INFINITE_RECURSION = YES;
				CLANG_WARN_INT_CONVERSION = YES;
				CLANG_WARN_NON_LITERAL_NULL_CONVERSION = YES;
				CLANG_WARN_OBJC_IMPLICIT_RETAIN_SELF = YES;
				CLANG_WARN_OBJC_LITERAL_CONVERSION = YES;
				CLANG_WARN_OBJC_ROOT_CLASS = YES_ERROR;
				CLANG_WARN_RANGE_LOOP_ANALYSIS = YES;
				CLANG_WARN_STRICT_PROTOTYPES = YES;
				CLANG_WARN_SUSPICIOUS_MOVE = YES;
				CLANG_WARN_UNGUARDED_AVAILABILITY = YES_AGGRESSIVE;
				CLANG_WARN_UNREACHABLE_CODE = YES;
				CLANG_WARN__DUPLICATE_METHOD_MATCH = YES;
				CODE_SIGN_IDENTITY = "iPhone Developer";
				COPY_PHASE_STRIP = NO;
				DEBUG_INFORMATION_FORMAT = "dwarf-with-dsym";
				ENABLE_NS_ASSERTIONS = NO;
				ENABLE_STRICT_OBJC_MSGSEND = YES;
				GCC_C_LANGUAGE_STANDARD = gnu11;
				GCC_NO_COMMON_BLOCKS = YES;
				GCC_WARN_64_TO_32_BIT_CONVERSION = YES;
				GCC_WARN_ABOUT_RETURN_TYPE = YES_ERROR;
				GCC_WARN_UNDECLARED_SELECTOR = YES;
				GCC_WARN_UNINITIALIZED_AUTOS = YES_AGGRESSIVE;
				GCC_WARN_UNUSED_FUNCTION = YES;
				GCC_WARN_UNUSED_VARIABLE = YES;
				IPHONEOS_DEPLOYMENT_TARGET = 11.3;
				MTL_ENABLE_DEBUG_INFO = NO;
				SDKROOT = iphoneos;
				SWIFT_COMPILATION_MODE = wholemodule;
				SWIFT_OPTIMIZATION_LEVEL = "-O";
				VALIDATE_PRODUCT = YES;
			};
			name = Release;
		};
		A99F639F20B8709D00C0635B /* Debug */ = {
			isa = XCBuildConfiguration;
			baseConfigurationReference = 73B7AF8F2CBFF7E8BE00A16D /* Pods-TableDatabase.debug.xcconfig */;
			buildSettings = {
				ASSETCATALOG_COMPILER_APPICON_NAME = AppIcon;
				CODE_SIGN_STYLE = Automatic;
				DEVELOPMENT_TEAM = 2AVX4CJKMB;
				INFOPLIST_FILE = TableDatabase/Info.plist;
				LD_RUNPATH_SEARCH_PATHS = (
					"$(inherited)",
					"@executable_path/Frameworks",
				);
				PRODUCT_BUNDLE_IDENTIFIER = com.Grata.DatabaseReadTable;
				PRODUCT_NAME = "$(TARGET_NAME)";
				SWIFT_VERSION = 4.0;
				TARGETED_DEVICE_FAMILY = "1,2";
			};
			name = Debug;
		};
		A99F63A020B8709D00C0635B /* Release */ = {
			isa = XCBuildConfiguration;
			baseConfigurationReference = 8502A1FB8ECE93AB5B4E97FE /* Pods-TableDatabase.release.xcconfig */;
			buildSettings = {
				ASSETCATALOG_COMPILER_APPICON_NAME = AppIcon;
				CODE_SIGN_STYLE = Automatic;
				DEVELOPMENT_TEAM = 2AVX4CJKMB;
				INFOPLIST_FILE = TableDatabase/Info.plist;
				LD_RUNPATH_SEARCH_PATHS = (
					"$(inherited)",
					"@executable_path/Frameworks",
				);
				PRODUCT_BUNDLE_IDENTIFIER = com.Grata.DatabaseReadTable;
				PRODUCT_NAME = "$(TARGET_NAME)";
				SWIFT_VERSION = 4.0;
				TARGETED_DEVICE_FAMILY = "1,2";
			};
			name = Release;
		};
		A99F63A220B8709D00C0635B /* Debug */ = {
			isa = XCBuildConfiguration;
			baseConfigurationReference = A0B3B21FDB25886A78688E10 /* Pods-TableDatabaseTests.debug.xcconfig */;
			buildSettings = {
				ALWAYS_EMBED_SWIFT_STANDARD_LIBRARIES = YES;
				BUNDLE_LOADER = "$(TEST_HOST)";
				CODE_SIGN_STYLE = Automatic;
				DEVELOPMENT_TEAM = 2AVX4CJKMB;
				INFOPLIST_FILE = TableDatabaseTests/Info.plist;
				LD_RUNPATH_SEARCH_PATHS = (
					"$(inherited)",
					"@executable_path/Frameworks",
					"@loader_path/Frameworks",
				);
				PRODUCT_BUNDLE_IDENTIFIER = Grata.TableDatabaseTests;
				PRODUCT_NAME = "$(TARGET_NAME)";
				SWIFT_VERSION = 4.0;
				TARGETED_DEVICE_FAMILY = "1,2";
				TEST_HOST = "$(BUILT_PRODUCTS_DIR)/TableDatabase.app/TableDatabase";
			};
			name = Debug;
		};
		A99F63A320B8709D00C0635B /* Release */ = {
			isa = XCBuildConfiguration;
			baseConfigurationReference = F91B2145A7D9F5D4070BA84C /* Pods-TableDatabaseTests.release.xcconfig */;
			buildSettings = {
				ALWAYS_EMBED_SWIFT_STANDARD_LIBRARIES = YES;
				BUNDLE_LOADER = "$(TEST_HOST)";
				CODE_SIGN_STYLE = Automatic;
				DEVELOPMENT_TEAM = 2AVX4CJKMB;
				INFOPLIST_FILE = TableDatabaseTests/Info.plist;
				LD_RUNPATH_SEARCH_PATHS = (
					"$(inherited)",
					"@executable_path/Frameworks",
					"@loader_path/Frameworks",
				);
				PRODUCT_BUNDLE_IDENTIFIER = Grata.TableDatabaseTests;
				PRODUCT_NAME = "$(TARGET_NAME)";
				SWIFT_VERSION = 4.0;
				TARGETED_DEVICE_FAMILY = "1,2";
				TEST_HOST = "$(BUILT_PRODUCTS_DIR)/TableDatabase.app/TableDatabase";
			};
			name = Release;
		};
		A99F63A520B8709D00C0635B /* Debug */ = {
			isa = XCBuildConfiguration;
			baseConfigurationReference = 8C5FF3F14A8F5F7389EF2148 /* Pods-TableDatabaseUITests.debug.xcconfig */;
			buildSettings = {
				ALWAYS_EMBED_SWIFT_STANDARD_LIBRARIES = YES;
				CODE_SIGN_STYLE = Automatic;
				DEVELOPMENT_TEAM = 2AVX4CJKMB;
				INFOPLIST_FILE = TableDatabaseUITests/Info.plist;
				LD_RUNPATH_SEARCH_PATHS = (
					"$(inherited)",
					"@executable_path/Frameworks",
					"@loader_path/Frameworks",
				);
				PRODUCT_BUNDLE_IDENTIFIER = Grata.TableDatabaseUITests;
				PRODUCT_NAME = "$(TARGET_NAME)";
				SWIFT_VERSION = 4.0;
				TARGETED_DEVICE_FAMILY = "1,2";
				TEST_TARGET_NAME = TableDatabase;
			};
			name = Debug;
		};
		A99F63A620B8709D00C0635B /* Release */ = {
			isa = XCBuildConfiguration;
			baseConfigurationReference = E313F44164C7432AA4979C5C /* Pods-TableDatabaseUITests.release.xcconfig */;
			buildSettings = {
				ALWAYS_EMBED_SWIFT_STANDARD_LIBRARIES = YES;
				CODE_SIGN_STYLE = Automatic;
				DEVELOPMENT_TEAM = 2AVX4CJKMB;
				INFOPLIST_FILE = TableDatabaseUITests/Info.plist;
				LD_RUNPATH_SEARCH_PATHS = (
					"$(inherited)",
					"@executable_path/Frameworks",
					"@loader_path/Frameworks",
				);
				PRODUCT_BUNDLE_IDENTIFIER = Grata.TableDatabaseUITests;
				PRODUCT_NAME = "$(TARGET_NAME)";
				SWIFT_VERSION = 4.0;
				TARGETED_DEVICE_FAMILY = "1,2";
				TEST_TARGET_NAME = TableDatabase;
			};
			name = Release;
		};
/* End XCBuildConfiguration section */

/* Begin XCConfigurationList section */
		A99F637120B8709C00C0635B /* Build configuration list for PBXProject "TableDatabase" */ = {
			isa = XCConfigurationList;
			buildConfigurations = (
				A99F639C20B8709D00C0635B /* Debug */,
				A99F639D20B8709D00C0635B /* Release */,
			);
			defaultConfigurationIsVisible = 0;
			defaultConfigurationName = Release;
		};
		A99F639E20B8709D00C0635B /* Build configuration list for PBXNativeTarget "TableDatabase" */ = {
			isa = XCConfigurationList;
			buildConfigurations = (
				A99F639F20B8709D00C0635B /* Debug */,
				A99F63A020B8709D00C0635B /* Release */,
			);
			defaultConfigurationIsVisible = 0;
			defaultConfigurationName = Release;
		};
		A99F63A120B8709D00C0635B /* Build configuration list for PBXNativeTarget "TableDatabaseTests" */ = {
			isa = XCConfigurationList;
			buildConfigurations = (
				A99F63A220B8709D00C0635B /* Debug */,
				A99F63A320B8709D00C0635B /* Release */,
			);
			defaultConfigurationIsVisible = 0;
			defaultConfigurationName = Release;
		};
		A99F63A420B8709D00C0635B /* Build configuration list for PBXNativeTarget "TableDatabaseUITests" */ = {
			isa = XCConfigurationList;
			buildConfigurations = (
				A99F63A520B8709D00C0635B /* Debug */,
				A99F63A620B8709D00C0635B /* Release */,
			);
			defaultConfigurationIsVisible = 0;
			defaultConfigurationName = Release;
		};
/* End XCConfigurationList section */
	};
	rootObject = A99F636E20B8709C00C0635B /* Project object */;
}
